<?xml version="1.0" encoding="utf-8"?>
<Project ToolsVersion="4.0" xmlns="http://schemas.microsoft.com/developer/msbuild/2003">
  <ItemGroup>
    <Filter Include="API Wrappers">
      <UniqueIdentifier>{8989b124-fc0f-4d3c-8d0f-2cd130457ead}</UniqueIdentifier>
    </Filter>
    <Filter Include="Graphics">
      <UniqueIdentifier>{80ba032a-f6d4-46ef-8928-b2aec3fc4081}</UniqueIdentifier>
    </Filter>
    <Filter Include="Engine">
      <UniqueIdentifier>{33548b21-0b09-443b-b7c4-f184add59619}</UniqueIdentifier>
    </Filter>
    <Filter Include="Main">
      <UniqueIdentifier>{0c3b5f56-71ac-4a33-92d7-15854cf98961}</UniqueIdentifier>
    </Filter>
    <Filter Include="Tools">
      <UniqueIdentifier>{28f3b763-0f6f-4a15-b772-5c970115d6b1}</UniqueIdentifier>
    </Filter>
    <Filter Include="UI">
      <UniqueIdentifier>{4c416468-1804-468a-a623-38c3d634c9c7}</UniqueIdentifier>
    </Filter>
    <Filter Include="Game">
      <UniqueIdentifier>{936ebc0a-8320-495f-87df-9d25999d06d3}</UniqueIdentifier>
    </Filter>
  </ItemGroup>
  <ItemGroup>
    <ClCompile Include="Game\Minesweeper.cpp">
      <Filter>Game</Filter>
    </ClCompile>
    <ClCompile Include="Game\Block.cpp">
      <Filter>Game</Filter>
    </ClCompile>
    <ClCompile Include="Engine\Engine.cpp">
      <Filter>Engine</Filter>
    </ClCompile>
    <ClCompile Include="Engine\ExampleGame.cpp">
      <Filter>Engine</Filter>
    </ClCompile>
    <ClCompile Include="Engine\GameState.cpp">
      <Filter>Engine</Filter>
    </ClCompile>
    <ClCompile Include="API Wrappers\D3D9.cpp">
      <Filter>API Wrappers</Filter>
    </ClCompile>
    <ClCompile Include="API Wrappers\Input.cpp">
      <Filter>API Wrappers</Filter>
    </ClCompile>
    <ClCompile Include="Graphics\Renderer.cpp">
      <Filter>Graphics</Filter>
    </ClCompile>
    <ClCompile Include="Graphics\RenderObject.cpp">
      <Filter>Graphics</Filter>
    </ClCompile>
    <ClCompile Include="Graphics\RenderObject2D.cpp">
      <Filter>Graphics</Filter>
    </ClCompile>
    <ClCompile Include="Tools\Math.cpp">
      <Filter>Tools</Filter>
    </ClCompile>
    <ClCompile Include="UI\Button.cpp">
      <Filter>UI</Filter>
    </ClCompile>
    <ClCompile Include="UI\Window.cpp">
      <Filter>UI</Filter>
    </ClCompile>
    <ClCompile Include="UI\WindowManager.cpp">
      <Filter>UI</Filter>
    </ClCompile>
    <ClCompile Include="WinMain.cpp">
      <Filter>Main</Filter>
    </ClCompile>
    <ClCompile Include="Tools\Util.cpp">
      <Filter>Tools</Filter>
    </ClCompile>
    <ClCompile Include="UI\TextComponent.cpp">
      <Filter>UI</Filter>
    </ClCompile>
  </ItemGroup>
  <ItemGroup>
    <ClInclude Include="Game\Minesweeper.h">
      <Filter>Game</Filter>
    </ClInclude>
    <ClInclude Include="Game\Block.h">
      <Filter>Game</Filter>
    </ClInclude>
    <ClInclude Include="Engine\Engine.h">
      <Filter>Engine</Filter>
    </ClInclude>
    <ClInclude Include="Engine\ExampleGame.h">
      <Filter>Engine</Filter>
    </ClInclude>
    <ClInclude Include="Engine\Game.h">
      <Filter>Engine</Filter>
    </ClInclude>
    <ClInclude Include="Engine\GameState.h">
      <Filter>Engine</Filter>
    </ClInclude>
    <ClInclude Include="API Wrappers\D3D9.h">
      <Filter>API Wrappers</Filter>
    </ClInclude>
    <ClInclude Include="API Wrappers\Input.h">
      <Filter>API Wrappers</Filter>
    </ClInclude>
    <ClInclude Include="Graphics\Renderable.h">
      <Filter>Graphics</Filter>
    </ClInclude>
    <ClInclude Include="Graphics\Renderer.h">
      <Filter>Graphics</Filter>
    </ClInclude>
    <ClInclude Include="Graphics\RenderObject.h">
      <Filter>Graphics</Filter>
    </ClInclude>
    <ClInclude Include="Graphics\RenderObject2D.h">
      <Filter>Graphics</Filter>
    </ClInclude>
    <ClInclude Include="Tools\Math.h">
      <Filter>Tools</Filter>
    </ClInclude>
    <ClInclude Include="Tools\Vector3.h">
      <Filter>Tools</Filter>
    </ClInclude>
    <ClInclude Include="Tools\VertexHeaders.h">
      <Filter>Tools</Filter>
    </ClInclude>
    <ClInclude Include="UI\Button.h">
      <Filter>UI</Filter>
    </ClInclude>
    <ClInclude Include="UI\Window.h">
      <Filter>UI</Filter>
    </ClInclude>
    <ClInclude Include="UI\WindowManager.h">
      <Filter>UI</Filter>
    </ClInclude>
    <ClInclude Include="Window.h">
      <Filter>Main</Filter>
    </ClInclude>
    <ClInclude Include="Tools\Util.h">
      <Filter>Tools</Filter>
    </ClInclude>
    <ClInclude Include="UI\TextComponent.h">
      <Filter>UI</Filter>
    </ClInclude>
  </ItemGroup>
</Project>